
Microsoft Visual Studio Solution File, Format Version 12.00
# Visual Studio Version 17
VisualStudioVersion = 17.5.33516.290
MinimumVisualStudioVersion = 10.0.40219.1
Project("{2150E333-8FDC-42A3-9474-1A3956D46DE8}") = "Microservices", "Microservices", "{1EE0B97E-0687-4902-86A2-5AFDBDF8F44A}"
EndProject
Project("{9A19103F-16F7-4668-BE54-9A1E7A4F7556}") = "RM.Core", "RM.Core\RM.Core.csproj", "{956C6A12-B930-4483-9700-EBCF423E2317}"
EndProject
Project("{2150E333-8FDC-42A3-9474-1A3956D46DE8}") = "GateWay", "GateWay", "{54218CF4-1A19-48A0-A02A-010DBF25B35E}"
EndProject
Project("{9A19103F-16F7-4668-BE54-9A1E7A4F7556}") = "RM.GateWay", "RM.GateWay\RM.GateWay.csproj", "{74D6F87F-B789-4F4C-A225-F97DC3B1E23B}"
EndProject
Project("{2150E333-8FDC-42A3-9474-1A3956D46DE8}") = "DAL", "DAL", "{8C7BEBEE-276E-4959-AAED-FC887ECCF99F}"
EndProject
Project("{9A19103F-16F7-4668-BE54-9A1E7A4F7556}") = "RM.Advertisements", "Microservices\RM.Advertisements\RM.Advertisements.csproj", "{BFFAD195-725E-45B4-896A-EDA9D20DA60E}"
EndProject
Project("{9A19103F-16F7-4668-BE54-9A1E7A4F7556}") = "RM.EF", "RM.EF\RM.EF.csproj", "{4E1B7F41-AA45-42B8-98A7-4A0B3EDD48ED}"
EndProject
Project("{2150E333-8FDC-42A3-9474-1A3956D46DE8}") = "Core", "Core", "{A3664924-2474-4258-AA02-A08ADC78700B}"
EndProject
Project("{9A19103F-16F7-4668-BE54-9A1E7A4F7556}") = "RM.Articles", "Microservices\RM.Articles\RM.Articles.csproj", "{5FCA2D03-92C6-439F-9C9B-89A193358A56}"
EndProject
Project("{9A19103F-16F7-4668-BE54-9A1E7A4F7556}") = "RM.Awards", "Microservices\RM.Awards\RM.Awards.csproj", "{C804F614-E10C-481F-8EB9-7DB12C13F3BE}"
EndProject
Project("{9A19103F-16F7-4668-BE54-9A1E7A4F7556}") = "RM.Comments", "Microservices\RM.Comments\RM.Comments.csproj", "{E6A1CFA3-A45C-44CA-89BD-D7D7A10F4FA6}"
EndProject
Project("{9A19103F-16F7-4668-BE54-9A1E7A4F7556}") = "RM.Competitions", "Microservices\RM.Competitions\RM.Competitions.csproj", "{62538229-859F-4AC9-9A22-34750328D680}"
EndProject
Project("{9A19103F-16F7-4668-BE54-9A1E7A4F7556}") = "RM.ContactUs", "Microservices\RM.ContactUs\RM.ContactUs.csproj", "{2A534787-9B7F-42EE-A309-CEC4BA899434}"
EndProject
Project("{9A19103F-16F7-4668-BE54-9A1E7A4F7556}") = "RM.Users", "Microservices\RM.Users\RM.Users.csproj", "{255188CD-7F7A-446B-B05E-7DD6A4B2056C}"
EndProject
Project("{9A19103F-16F7-4668-BE54-9A1E7A4F7556}") = "RM.Documents", "Microservices\RM.Documents\RM.Documents.csproj", "{D1018601-0EB4-4BC6-9D67-C9D968A4A3FB}"
EndProject
Project("{9A19103F-16F7-4668-BE54-9A1E7A4F7556}") = "RM.Entities", "Microservices\RM.Entities\RM.Entities.csproj", "{976D7A88-D08A-4693-8DAF-7429B1509C37}"
EndProject
Project("{9A19103F-16F7-4668-BE54-9A1E7A4F7556}") = "RM.EservicesStats", "Microservices\RM.EservicesStats\RM.EservicesStats.csproj", "{C1879D71-52E2-45A2-B686-A4B047E8E559}"
EndProject
Project("{9A19103F-16F7-4668-BE54-9A1E7A4F7556}") = "RM.Events", "Microservices\RM.Events\RM.Events.csproj", "{E21CA1FE-7ADF-4BCD-AB6B-2B649A7C1842}"
EndProject
Project("{9A19103F-16F7-4668-BE54-9A1E7A4F7556}") = "RM.Exams", "Microservices\RM.Exams\RM.Exams.csproj", "{0DB47612-785A-430D-A539-769F909C46F1}"
EndProject
Project("{9A19103F-16F7-4668-BE54-9A1E7A4F7556}") = "RM.ExternalSites", "Microservices\RM.ExternalSites\RM.ExternalSites.csproj", "{C7D2CE95-0DA5-4016-98C2-0FC417D7105A}"
EndProject
Project("{9A19103F-16F7-4668-BE54-9A1E7A4F7556}") = "RM.FAQs", "Microservices\RM.FAQs\RM.FAQs.csproj", "{868A7B6E-35AC-44CD-96E0-7A3E04AACE9D}"
EndProject
Project("{9A19103F-16F7-4668-BE54-9A1E7A4F7556}") = "RM.FileSharing", "Microservices\RM.FileSharing\RM.FileSharing.csproj", "{27BEEA4B-DF25-4E83-A2EC-B9D69C093C0F}"
EndProject
Project("{9A19103F-16F7-4668-BE54-9A1E7A4F7556}") = "RM.GovServices", "Microservices\RM.GovServices\RM.GovServices.csproj", "{938E9B34-CCC2-4FE6-A028-A19C068C664F}"
EndProject
Project("{9A19103F-16F7-4668-BE54-9A1E7A4F7556}") = "RM.InitiativesProjects", "Microservices\RM.InitiativesProjects\RM.InitiativesProjects.csproj", "{DB4B6F2C-5700-406E-99D3-9132A070AFCE}"
EndProject
Project("{9A19103F-16F7-4668-BE54-9A1E7A4F7556}") = "RM.Innovations", "Microservices\RM.Innovations\RM.Innovations.csproj", "{60144E19-A8C1-48E5-9CB7-C83439EAB110}"
EndProject
Project("{9A19103F-16F7-4668-BE54-9A1E7A4F7556}") = "RM.Investments", "Microservices\RM.Investments\RM.Investments.csproj", "{BB1FBA10-08C2-4FED-B25D-D248FBCB010C}"
EndProject
Project("{9A19103F-16F7-4668-BE54-9A1E7A4F7556}") = "RM.Jobs", "Microservices\RM.Jobs\RM.Jobs.csproj", "{03A74252-989A-47D2-B070-1E5122F7961F}"
EndProject
Project("{9A19103F-16F7-4668-BE54-9A1E7A4F7556}") = "RM.Lookups", "Microservices\RM.Lookups\RM.Lookups.csproj", "{A687A25E-0A53-43AB-AD8D-49E0F2FF577A}"
EndProject
Project("{9A19103F-16F7-4668-BE54-9A1E7A4F7556}") = "RM.MobileApplications", "Microservices\RM.MobileApplications\RM.MobileApplications.csproj", "{D532CF0B-E907-4EE8-9878-3930A7B79DEF}"
EndProject
Project("{9A19103F-16F7-4668-BE54-9A1E7A4F7556}") = "RM.OpenData", "Microservices\RM.OpenData\RM.OpenData.csproj", "{42054B66-86C4-42FC-B418-18DB862868E5}"
EndProject
Project("{9A19103F-16F7-4668-BE54-9A1E7A4F7556}") = "RM.Orders", "Microservices\RM.Orders\RM.Orders.csproj", "{C2A3A190-8A4F-469B-9170-FDA2D2038A6B}"
EndProject
Project("{9A19103F-16F7-4668-BE54-9A1E7A4F7556}") = "RM.Partners", "Microservices\RM.Partners\RM.Partners.csproj", "{B04F6353-274E-4623-859A-043F417AE9E5}"
EndProject
Project("{9A19103F-16F7-4668-BE54-9A1E7A4F7556}") = "RM.Surveys", "Microservices\RM.Surveys\RM.Surveys.csproj", "{1A7F2032-5E0A-47B3-A969-16B49270473F}"
EndProject
Project("{9A19103F-16F7-4668-BE54-9A1E7A4F7556}") = "RM.WorkFlow", "Microservices\RM.WorkFlow\RM.WorkFlow.csproj", "{7A4CE8F8-EFC9-4259-815E-2BE0043897F3}"
EndProject
Project("{9A19103F-16F7-4668-BE54-9A1E7A4F7556}") = "RM.DynamicForms", "Microservices\RM.DynamicForms\RM.DynamicForms.csproj", "{7CFF9F8F-524F-4D45-81FB-C4665CABFC04}"
EndProject
Project("{9A19103F-16F7-4668-BE54-9A1E7A4F7556}") = "RM.Menu", "Microservices\RM.Menu\RM.Menu.csproj", "{43680C0C-0B1D-412A-A97B-3BC268C5C1E7}"
EndProject
Project("{9A19103F-16F7-4668-BE54-9A1E7A4F7556}") = "RM.References", "Microservices\RM.References\RM.References.csproj", "{8B905A5D-79B3-4F2E-9620-D20E0098B0A5}"
EndProject
Project("{9A19103F-16F7-4668-BE54-9A1E7A4F7556}") = "RM.Permits", "Microservices\RM.Permits\RM.Permits.csproj", "{ED5732FB-42B3-45BD-92AE-B1C7F2D09988}"
EndProject
Project("{9A19103F-16F7-4668-BE54-9A1E7A4F7556}") = "RM.Multimedia", "Microservices\RM.Multimedia\RM.Multimedia.csproj", "{088841C2-98A5-459B-969B-539C6F506634}"
EndProject
Project("{9A19103F-16F7-4668-BE54-9A1E7A4F7556}") = "RM.News", "Microservices\RM.News\RM.News.csproj", "{FFCA38AE-671E-4987-ADA1-BBF18B96E7A3}"
EndProject
Project("{9A19103F-16F7-4668-BE54-9A1E7A4F7556}") = "RM.Officials", "Microservices\RM.Officials\RM.Officials.csproj", "{FFCA38AE-671E-4987-ADA1-BBF18B96E7A6}"
EndProject
Project("{9A19103F-16F7-4668-BE54-9A1E7A4F7556}") = "RM.Rates", "Microservices\RM.Rates\RM.Rates.csproj", "{FFCA38AE-671E-4987-ADA1-BBF18B96E7A8}"
EndProject
Project("{9A19103F-16F7-4668-BE54-9A1E7A4F7556}") = "RM.Regulations", "Microservices\RM.Regulations\RM.Regulations.csproj", "{FFCA38AE-671E-4987-ADA1-BBF18B96E7A9}"
EndProject
Project("{9A19103F-16F7-4668-BE54-9A1E7A4F7556}") = "RM.ScientificLetters", "Microservices\RM.ScientificLetters\RM.ScientificLetters.csproj", "{FFCA38AE-671E-4987-ADA1-BBF18B96E7A5}"
EndProject
Project("{9A19103F-16F7-4668-BE54-9A1E7A4F7556}") = "RM.Statistics", "Microservices\RM.Statistics\RM.Statistics.csproj", "{43640C0C-0B1D-412A-A97B-3BC268C5C1E8}"
EndProject
Project("{9A19103F-16F7-4668-BE54-9A1E7A4F7556}") = "RM.Volunteers", "Microservices\RM.Volunteers\RM.Volunteers.csproj", "{1B9CA92C-F0AD-4585-9F9C-F71A3D1AA176}"
EndProject
Project("{9A19103F-16F7-4668-BE54-9A1E7A4F7556}") = "EmailService", "WebServices\EmailService\EmailService.csproj", "{9FBFB050-137F-4750-9218-8A2596F3CBFD}"
EndProject
Project("{2150E333-8FDC-42A3-9474-1A3956D46DE8}") = "WebServices", "WebServices", "{18534C8E-03D0-472F-B56A-288C8045CBA3}"
EndProject
Project("{9A19103F-16F7-4668-BE54-9A1E7A4F7556}") = "PDFService", "WebServices\PDFService\PDFService.csproj", "{0A23D0CC-ADF7-4DDE-8D53-CEF26E6661EE}"
EndProject
Project("{9A19103F-16F7-4668-BE54-9A1E7A4F7556}") = "CronJobService", "WebServices\CronJobService\CronJobService.csproj", "{8AA50E4A-F12A-4EFB-A320-13A378D8D878}"
EndProject
Project("{9A19103F-16F7-4668-BE54-9A1E7A4F7556}") = "RM.Feedbacks", "Microservices\RM.Feedbacks\RM.Feedbacks.csproj", "{72B5FFBE-E296-4633-8EB5-46B8E0C4743F}"
EndProject
Project("{FAE04EC0-301F-11D3-BF4B-00C04F79EFBC}") = "IntegrationService", "WebServices\IntegrationService\IntegrationService.csproj", "{3165E3E4-87D7-4FD8-B183-15B920E3B276}"
EndProject
Project("{2150E333-8FDC-42A3-9474-1A3956D46DE8}") = "RabbitMQ", "RabbitMQ", "{4C9D935C-6593-4431-BB99-86C3861E9DDC}"
EndProject
Project("{FAE04EC0-301F-11D3-BF4B-00C04F79EFBC}") = "RabbitMQ.Core", "RabbitMQ\RabbitMQ.Core\RabbitMQ.Core.csproj", "{C4D4B294-4494-4DF8-A035-13EF52DB32BB}"
EndProject
Project("{2150E333-8FDC-42A3-9474-1A3956D46DE8}") = "RabbitMQConsumer", "RabbitMQConsumer", "{278A9BC9-BA44-4117-83F5-A1A38E598409}"
EndProject
Project("{FAE04EC0-301F-11D3-BF4B-00C04F79EFBC}") = "Notification.Consumer", "RabbitMQConsumer\Notification.Consumer\Notification.Consumer.csproj", "{EADDF15F-FD84-4383-BEC5-7F5AA5021DD2}"
EndProject
Global
	GlobalSection(SolutionConfigurationPlatforms) = preSolution
		Debug|Any CPU = Debug|Any CPU
		Release|Any CPU = Release|Any CPU
	EndGlobalSection
	GlobalSection(ProjectConfigurationPlatforms) = postSolution
		{956C6A12-B930-4483-9700-EBCF423E2317}.Debug|Any CPU.ActiveCfg = Debug|Any CPU
		{956C6A12-B930-4483-9700-EBCF423E2317}.Debug|Any CPU.Build.0 = Debug|Any CPU
		{956C6A12-B930-4483-9700-EBCF423E2317}.Release|Any CPU.ActiveCfg = Release|Any CPU
		{956C6A12-B930-4483-9700-EBCF423E2317}.Release|Any CPU.Build.0 = Release|Any CPU
		{74D6F87F-B789-4F4C-A225-F97DC3B1E23B}.Debug|Any CPU.ActiveCfg = Debug|Any CPU
		{74D6F87F-B789-4F4C-A225-F97DC3B1E23B}.Debug|Any CPU.Build.0 = Debug|Any CPU
		{74D6F87F-B789-4F4C-A225-F97DC3B1E23B}.Release|Any CPU.ActiveCfg = Release|Any CPU
		{74D6F87F-B789-4F4C-A225-F97DC3B1E23B}.Release|Any CPU.Build.0 = Release|Any CPU
		{BFFAD195-725E-45B4-896A-EDA9D20DA60E}.Debug|Any CPU.ActiveCfg = Debug|Any CPU
		{BFFAD195-725E-45B4-896A-EDA9D20DA60E}.Debug|Any CPU.Build.0 = Debug|Any CPU
		{BFFAD195-725E-45B4-896A-EDA9D20DA60E}.Release|Any CPU.ActiveCfg = Release|Any CPU
		{BFFAD195-725E-45B4-896A-EDA9D20DA60E}.Release|Any CPU.Build.0 = Release|Any CPU
		{4E1B7F41-AA45-42B8-98A7-4A0B3EDD48ED}.Debug|Any CPU.ActiveCfg = Debug|Any CPU
		{4E1B7F41-AA45-42B8-98A7-4A0B3EDD48ED}.Debug|Any CPU.Build.0 = Debug|Any CPU
		{4E1B7F41-AA45-42B8-98A7-4A0B3EDD48ED}.Release|Any CPU.ActiveCfg = Release|Any CPU
		{4E1B7F41-AA45-42B8-98A7-4A0B3EDD48ED}.Release|Any CPU.Build.0 = Release|Any CPU
		{5FCA2D03-92C6-439F-9C9B-89A193358A56}.Debug|Any CPU.ActiveCfg = Debug|Any CPU
		{5FCA2D03-92C6-439F-9C9B-89A193358A56}.Debug|Any CPU.Build.0 = Debug|Any CPU
		{5FCA2D03-92C6-439F-9C9B-89A193358A56}.Release|Any CPU.ActiveCfg = Release|Any CPU
		{5FCA2D03-92C6-439F-9C9B-89A193358A56}.Release|Any CPU.Build.0 = Release|Any CPU
		{C804F614-E10C-481F-8EB9-7DB12C13F3BE}.Debug|Any CPU.ActiveCfg = Debug|Any CPU
		{C804F614-E10C-481F-8EB9-7DB12C13F3BE}.Debug|Any CPU.Build.0 = Debug|Any CPU
		{C804F614-E10C-481F-8EB9-7DB12C13F3BE}.Release|Any CPU.ActiveCfg = Release|Any CPU
		{C804F614-E10C-481F-8EB9-7DB12C13F3BE}.Release|Any CPU.Build.0 = Release|Any CPU
		{E6A1CFA3-A45C-44CA-89BD-D7D7A10F4FA6}.Debug|Any CPU.ActiveCfg = Debug|Any CPU
		{E6A1CFA3-A45C-44CA-89BD-D7D7A10F4FA6}.Debug|Any CPU.Build.0 = Debug|Any CPU
		{E6A1CFA3-A45C-44CA-89BD-D7D7A10F4FA6}.Release|Any CPU.ActiveCfg = Release|Any CPU
		{E6A1CFA3-A45C-44CA-89BD-D7D7A10F4FA6}.Release|Any CPU.Build.0 = Release|Any CPU
		{62538229-859F-4AC9-9A22-34750328D680}.Debug|Any CPU.ActiveCfg = Debug|Any CPU
		{62538229-859F-4AC9-9A22-34750328D680}.Debug|Any CPU.Build.0 = Debug|Any CPU
		{62538229-859F-4AC9-9A22-34750328D680}.Release|Any CPU.ActiveCfg = Release|Any CPU
		{62538229-859F-4AC9-9A22-34750328D680}.Release|Any CPU.Build.0 = Release|Any CPU
		{2A534787-9B7F-42EE-A309-CEC4BA899434}.Debug|Any CPU.ActiveCfg = Debug|Any CPU
		{2A534787-9B7F-42EE-A309-CEC4BA899434}.Debug|Any CPU.Build.0 = Debug|Any CPU
		{2A534787-9B7F-42EE-A309-CEC4BA899434}.Release|Any CPU.ActiveCfg = Release|Any CPU
		{2A534787-9B7F-42EE-A309-CEC4BA899434}.Release|Any CPU.Build.0 = Release|Any CPU
		{255188CD-7F7A-446B-B05E-7DD6A4B2056C}.Debug|Any CPU.ActiveCfg = Debug|Any CPU
		{255188CD-7F7A-446B-B05E-7DD6A4B2056C}.Debug|Any CPU.Build.0 = Debug|Any CPU
		{255188CD-7F7A-446B-B05E-7DD6A4B2056C}.Release|Any CPU.ActiveCfg = Release|Any CPU
		{255188CD-7F7A-446B-B05E-7DD6A4B2056C}.Release|Any CPU.Build.0 = Release|Any CPU
		{D1018601-0EB4-4BC6-9D67-C9D968A4A3FB}.Debug|Any CPU.ActiveCfg = Debug|Any CPU
		{D1018601-0EB4-4BC6-9D67-C9D968A4A3FB}.Debug|Any CPU.Build.0 = Debug|Any CPU
		{D1018601-0EB4-4BC6-9D67-C9D968A4A3FB}.Release|Any CPU.ActiveCfg = Release|Any CPU
		{D1018601-0EB4-4BC6-9D67-C9D968A4A3FB}.Release|Any CPU.Build.0 = Release|Any CPU
		{976D7A88-D08A-4693-8DAF-7429B1509C37}.Debug|Any CPU.ActiveCfg = Debug|Any CPU
		{976D7A88-D08A-4693-8DAF-7429B1509C37}.Debug|Any CPU.Build.0 = Debug|Any CPU
		{976D7A88-D08A-4693-8DAF-7429B1509C37}.Release|Any CPU.ActiveCfg = Release|Any CPU
		{976D7A88-D08A-4693-8DAF-7429B1509C37}.Release|Any CPU.Build.0 = Release|Any CPU
		{C1879D71-52E2-45A2-B686-A4B047E8E559}.Debug|Any CPU.ActiveCfg = Debug|Any CPU
		{C1879D71-52E2-45A2-B686-A4B047E8E559}.Debug|Any CPU.Build.0 = Debug|Any CPU
		{C1879D71-52E2-45A2-B686-A4B047E8E559}.Release|Any CPU.ActiveCfg = Release|Any CPU
		{C1879D71-52E2-45A2-B686-A4B047E8E559}.Release|Any CPU.Build.0 = Release|Any CPU
		{E21CA1FE-7ADF-4BCD-AB6B-2B649A7C1842}.Debug|Any CPU.ActiveCfg = Debug|Any CPU
		{E21CA1FE-7ADF-4BCD-AB6B-2B649A7C1842}.Debug|Any CPU.Build.0 = Debug|Any CPU
		{E21CA1FE-7ADF-4BCD-AB6B-2B649A7C1842}.Release|Any CPU.ActiveCfg = Release|Any CPU
		{E21CA1FE-7ADF-4BCD-AB6B-2B649A7C1842}.Release|Any CPU.Build.0 = Release|Any CPU
		{0DB47612-785A-430D-A539-769F909C46F1}.Debug|Any CPU.ActiveCfg = Debug|Any CPU
		{0DB47612-785A-430D-A539-769F909C46F1}.Debug|Any CPU.Build.0 = Debug|Any CPU
		{0DB47612-785A-430D-A539-769F909C46F1}.Release|Any CPU.ActiveCfg = Release|Any CPU
		{0DB47612-785A-430D-A539-769F909C46F1}.Release|Any CPU.Build.0 = Release|Any CPU
		{C7D2CE95-0DA5-4016-98C2-0FC417D7105A}.Debug|Any CPU.ActiveCfg = Debug|Any CPU
		{C7D2CE95-0DA5-4016-98C2-0FC417D7105A}.Debug|Any CPU.Build.0 = Debug|Any CPU
		{C7D2CE95-0DA5-4016-98C2-0FC417D7105A}.Release|Any CPU.ActiveCfg = Release|Any CPU
		{C7D2CE95-0DA5-4016-98C2-0FC417D7105A}.Release|Any CPU.Build.0 = Release|Any CPU
		{868A7B6E-35AC-44CD-96E0-7A3E04AACE9D}.Debug|Any CPU.ActiveCfg = Debug|Any CPU
		{868A7B6E-35AC-44CD-96E0-7A3E04AACE9D}.Debug|Any CPU.Build.0 = Debug|Any CPU
		{868A7B6E-35AC-44CD-96E0-7A3E04AACE9D}.Release|Any CPU.ActiveCfg = Release|Any CPU
		{868A7B6E-35AC-44CD-96E0-7A3E04AACE9D}.Release|Any CPU.Build.0 = Release|Any CPU
		{27BEEA4B-DF25-4E83-A2EC-B9D69C093C0F}.Debug|Any CPU.ActiveCfg = Debug|Any CPU
		{27BEEA4B-DF25-4E83-A2EC-B9D69C093C0F}.Debug|Any CPU.Build.0 = Debug|Any CPU
		{27BEEA4B-DF25-4E83-A2EC-B9D69C093C0F}.Release|Any CPU.ActiveCfg = Release|Any CPU
		{27BEEA4B-DF25-4E83-A2EC-B9D69C093C0F}.Release|Any CPU.Build.0 = Release|Any CPU
		{938E9B34-CCC2-4FE6-A028-A19C068C664F}.Debug|Any CPU.ActiveCfg = Debug|Any CPU
		{938E9B34-CCC2-4FE6-A028-A19C068C664F}.Debug|Any CPU.Build.0 = Debug|Any CPU
		{938E9B34-CCC2-4FE6-A028-A19C068C664F}.Release|Any CPU.ActiveCfg = Release|Any CPU
		{938E9B34-CCC2-4FE6-A028-A19C068C664F}.Release|Any CPU.Build.0 = Release|Any CPU
		{DB4B6F2C-5700-406E-99D3-9132A070AFCE}.Debug|Any CPU.ActiveCfg = Debug|Any CPU
		{DB4B6F2C-5700-406E-99D3-9132A070AFCE}.Debug|Any CPU.Build.0 = Debug|Any CPU
		{DB4B6F2C-5700-406E-99D3-9132A070AFCE}.Release|Any CPU.ActiveCfg = Release|Any CPU
		{DB4B6F2C-5700-406E-99D3-9132A070AFCE}.Release|Any CPU.Build.0 = Release|Any CPU
		{60144E19-A8C1-48E5-9CB7-C83439EAB110}.Debug|Any CPU.ActiveCfg = Debug|Any CPU
		{60144E19-A8C1-48E5-9CB7-C83439EAB110}.Debug|Any CPU.Build.0 = Debug|Any CPU
		{60144E19-A8C1-48E5-9CB7-C83439EAB110}.Release|Any CPU.ActiveCfg = Release|Any CPU
		{60144E19-A8C1-48E5-9CB7-C83439EAB110}.Release|Any CPU.Build.0 = Release|Any CPU
		{BB1FBA10-08C2-4FED-B25D-D248FBCB010C}.Debug|Any CPU.ActiveCfg = Debug|Any CPU
		{BB1FBA10-08C2-4FED-B25D-D248FBCB010C}.Debug|Any CPU.Build.0 = Debug|Any CPU
		{BB1FBA10-08C2-4FED-B25D-D248FBCB010C}.Release|Any CPU.ActiveCfg = Release|Any CPU
		{BB1FBA10-08C2-4FED-B25D-D248FBCB010C}.Release|Any CPU.Build.0 = Release|Any CPU
		{03A74252-989A-47D2-B070-1E5122F7961F}.Debug|Any CPU.ActiveCfg = Debug|Any CPU
		{03A74252-989A-47D2-B070-1E5122F7961F}.Debug|Any CPU.Build.0 = Debug|Any CPU
		{03A74252-989A-47D2-B070-1E5122F7961F}.Release|Any CPU.ActiveCfg = Release|Any CPU
		{03A74252-989A-47D2-B070-1E5122F7961F}.Release|Any CPU.Build.0 = Release|Any CPU
		{A687A25E-0A53-43AB-AD8D-49E0F2FF577A}.Debug|Any CPU.ActiveCfg = Debug|Any CPU
		{A687A25E-0A53-43AB-AD8D-49E0F2FF577A}.Debug|Any CPU.Build.0 = Debug|Any CPU
		{A687A25E-0A53-43AB-AD8D-49E0F2FF577A}.Release|Any CPU.ActiveCfg = Release|Any CPU
		{A687A25E-0A53-43AB-AD8D-49E0F2FF577A}.Release|Any CPU.Build.0 = Release|Any CPU
		{D532CF0B-E907-4EE8-9878-3930A7B79DEF}.Debug|Any CPU.ActiveCfg = Debug|Any CPU
		{D532CF0B-E907-4EE8-9878-3930A7B79DEF}.Debug|Any CPU.Build.0 = Debug|Any CPU
		{D532CF0B-E907-4EE8-9878-3930A7B79DEF}.Release|Any CPU.ActiveCfg = Release|Any CPU
		{D532CF0B-E907-4EE8-9878-3930A7B79DEF}.Release|Any CPU.Build.0 = Release|Any CPU
		{42054B66-86C4-42FC-B418-18DB862868E5}.Debug|Any CPU.ActiveCfg = Debug|Any CPU
		{42054B66-86C4-42FC-B418-18DB862868E5}.Debug|Any CPU.Build.0 = Debug|Any CPU
		{42054B66-86C4-42FC-B418-18DB862868E5}.Release|Any CPU.ActiveCfg = Release|Any CPU
		{42054B66-86C4-42FC-B418-18DB862868E5}.Release|Any CPU.Build.0 = Release|Any CPU
		{C2A3A190-8A4F-469B-9170-FDA2D2038A6B}.Debug|Any CPU.ActiveCfg = Debug|Any CPU
		{C2A3A190-8A4F-469B-9170-FDA2D2038A6B}.Debug|Any CPU.Build.0 = Debug|Any CPU
		{C2A3A190-8A4F-469B-9170-FDA2D2038A6B}.Release|Any CPU.ActiveCfg = Release|Any CPU
		{C2A3A190-8A4F-469B-9170-FDA2D2038A6B}.Release|Any CPU.Build.0 = Release|Any CPU
		{B04F6353-274E-4623-859A-043F417AE9E5}.Debug|Any CPU.ActiveCfg = Debug|Any CPU
		{B04F6353-274E-4623-859A-043F417AE9E5}.Debug|Any CPU.Build.0 = Debug|Any CPU
		{B04F6353-274E-4623-859A-043F417AE9E5}.Release|Any CPU.ActiveCfg = Release|Any CPU
		{B04F6353-274E-4623-859A-043F417AE9E5}.Release|Any CPU.Build.0 = Release|Any CPU
		{1A7F2032-5E0A-47B3-A969-16B49270473F}.Debug|Any CPU.ActiveCfg = Debug|Any CPU
		{1A7F2032-5E0A-47B3-A969-16B49270473F}.Debug|Any CPU.Build.0 = Debug|Any CPU
		{1A7F2032-5E0A-47B3-A969-16B49270473F}.Release|Any CPU.ActiveCfg = Release|Any CPU
		{1A7F2032-5E0A-47B3-A969-16B49270473F}.Release|Any CPU.Build.0 = Release|Any CPU
		{7A4CE8F8-EFC9-4259-815E-2BE0043897F3}.Debug|Any CPU.ActiveCfg = Debug|Any CPU
		{7A4CE8F8-EFC9-4259-815E-2BE0043897F3}.Debug|Any CPU.Build.0 = Debug|Any CPU
		{7A4CE8F8-EFC9-4259-815E-2BE0043897F3}.Release|Any CPU.ActiveCfg = Release|Any CPU
		{7A4CE8F8-EFC9-4259-815E-2BE0043897F3}.Release|Any CPU.Build.0 = Release|Any CPU
		{7CFF9F8F-524F-4D45-81FB-C4665CABFC04}.Debug|Any CPU.ActiveCfg = Debug|Any CPU
		{7CFF9F8F-524F-4D45-81FB-C4665CABFC04}.Debug|Any CPU.Build.0 = Debug|Any CPU
		{7CFF9F8F-524F-4D45-81FB-C4665CABFC04}.Release|Any CPU.ActiveCfg = Release|Any CPU
		{7CFF9F8F-524F-4D45-81FB-C4665CABFC04}.Release|Any CPU.Build.0 = Release|Any CPU
		{43680C0C-0B1D-412A-A97B-3BC268C5C1E7}.Debug|Any CPU.ActiveCfg = Debug|Any CPU
		{43680C0C-0B1D-412A-A97B-3BC268C5C1E7}.Debug|Any CPU.Build.0 = Debug|Any CPU
		{43680C0C-0B1D-412A-A97B-3BC268C5C1E7}.Release|Any CPU.ActiveCfg = Release|Any CPU
		{43680C0C-0B1D-412A-A97B-3BC268C5C1E7}.Release|Any CPU.Build.0 = Release|Any CPU
		{8B905A5D-79B3-4F2E-9620-D20E0098B0A5}.Debug|Any CPU.ActiveCfg = Debug|Any CPU
		{8B905A5D-79B3-4F2E-9620-D20E0098B0A5}.Debug|Any CPU.Build.0 = Debug|Any CPU
		{8B905A5D-79B3-4F2E-9620-D20E0098B0A5}.Release|Any CPU.ActiveCfg = Release|Any CPU
		{8B905A5D-79B3-4F2E-9620-D20E0098B0A5}.Release|Any CPU.Build.0 = Release|Any CPU
		{ED5732FB-42B3-45BD-92AE-B1C7F2D09988}.Debug|Any CPU.ActiveCfg = Debug|Any CPU
		{ED5732FB-42B3-45BD-92AE-B1C7F2D09988}.Debug|Any CPU.Build.0 = Debug|Any CPU
		{ED5732FB-42B3-45BD-92AE-B1C7F2D09988}.Release|Any CPU.ActiveCfg = Release|Any CPU
		{ED5732FB-42B3-45BD-92AE-B1C7F2D09988}.Release|Any CPU.Build.0 = Release|Any CPU
		{088841C2-98A5-459B-969B-539C6F506634}.Debug|Any CPU.ActiveCfg = Debug|Any CPU
		{088841C2-98A5-459B-969B-539C6F506634}.Debug|Any CPU.Build.0 = Debug|Any CPU
		{088841C2-98A5-459B-969B-539C6F506634}.Release|Any CPU.ActiveCfg = Release|Any CPU
		{088841C2-98A5-459B-969B-539C6F506634}.Release|Any CPU.Build.0 = Release|Any CPU
		{FFCA38AE-671E-4987-ADA1-BBF18B96E7A3}.Debug|Any CPU.ActiveCfg = Debug|Any CPU
		{FFCA38AE-671E-4987-ADA1-BBF18B96E7A3}.Debug|Any CPU.Build.0 = Debug|Any CPU
		{FFCA38AE-671E-4987-ADA1-BBF18B96E7A3}.Release|Any CPU.ActiveCfg = Release|Any CPU
		{FFCA38AE-671E-4987-ADA1-BBF18B96E7A3}.Release|Any CPU.Build.0 = Release|Any CPU
		{FFCA38AE-671E-4987-ADA1-BBF18B96E7A6}.Debug|Any CPU.ActiveCfg = Debug|Any CPU
		{FFCA38AE-671E-4987-ADA1-BBF18B96E7A6}.Debug|Any CPU.Build.0 = Debug|Any CPU
		{FFCA38AE-671E-4987-ADA1-BBF18B96E7A6}.Release|Any CPU.ActiveCfg = Release|Any CPU
		{FFCA38AE-671E-4987-ADA1-BBF18B96E7A6}.Release|Any CPU.Build.0 = Release|Any CPU
		{FFCA38AE-671E-4987-ADA1-BBF18B96E7A8}.Debug|Any CPU.ActiveCfg = Debug|Any CPU
		{FFCA38AE-671E-4987-ADA1-BBF18B96E7A8}.Debug|Any CPU.Build.0 = Debug|Any CPU
		{FFCA38AE-671E-4987-ADA1-BBF18B96E7A8}.Release|Any CPU.ActiveCfg = Release|Any CPU
		{FFCA38AE-671E-4987-ADA1-BBF18B96E7A8}.Release|Any CPU.Build.0 = Release|Any CPU
		{FFCA38AE-671E-4987-ADA1-BBF18B96E7A9}.Debug|Any CPU.ActiveCfg = Debug|Any CPU
		{FFCA38AE-671E-4987-ADA1-BBF18B96E7A9}.Debug|Any CPU.Build.0 = Debug|Any CPU
		{FFCA38AE-671E-4987-ADA1-BBF18B96E7A9}.Release|Any CPU.ActiveCfg = Release|Any CPU
		{FFCA38AE-671E-4987-ADA1-BBF18B96E7A9}.Release|Any CPU.Build.0 = Release|Any CPU
		{FFCA38AE-671E-4987-ADA1-BBF18B96E7A5}.Debug|Any CPU.ActiveCfg = Debug|Any CPU
		{FFCA38AE-671E-4987-ADA1-BBF18B96E7A5}.Debug|Any CPU.Build.0 = Debug|Any CPU
		{FFCA38AE-671E-4987-ADA1-BBF18B96E7A5}.Release|Any CPU.ActiveCfg = Release|Any CPU
		{FFCA38AE-671E-4987-ADA1-BBF18B96E7A5}.Release|Any CPU.Build.0 = Release|Any CPU
		{43640C0C-0B1D-412A-A97B-3BC268C5C1E8}.Debug|Any CPU.ActiveCfg = Debug|Any CPU
		{43640C0C-0B1D-412A-A97B-3BC268C5C1E8}.Debug|Any CPU.Build.0 = Debug|Any CPU
		{43640C0C-0B1D-412A-A97B-3BC268C5C1E8}.Release|Any CPU.ActiveCfg = Release|Any CPU
		{43640C0C-0B1D-412A-A97B-3BC268C5C1E8}.Release|Any CPU.Build.0 = Release|Any CPU
		{1B9CA92C-F0AD-4585-9F9C-F71A3D1AA176}.Debug|Any CPU.ActiveCfg = Debug|Any CPU
		{1B9CA92C-F0AD-4585-9F9C-F71A3D1AA176}.Debug|Any CPU.Build.0 = Debug|Any CPU
		{1B9CA92C-F0AD-4585-9F9C-F71A3D1AA176}.Release|Any CPU.ActiveCfg = Release|Any CPU
		{1B9CA92C-F0AD-4585-9F9C-F71A3D1AA176}.Release|Any CPU.Build.0 = Release|Any CPU
		{9FBFB050-137F-4750-9218-8A2596F3CBFD}.Debug|Any CPU.ActiveCfg = Debug|Any CPU
		{9FBFB050-137F-4750-9218-8A2596F3CBFD}.Debug|Any CPU.Build.0 = Debug|Any CPU
		{9FBFB050-137F-4750-9218-8A2596F3CBFD}.Release|Any CPU.ActiveCfg = Release|Any CPU
		{9FBFB050-137F-4750-9218-8A2596F3CBFD}.Release|Any CPU.Build.0 = Release|Any CPU
		{0A23D0CC-ADF7-4DDE-8D53-CEF26E6661EE}.Debug|Any CPU.ActiveCfg = Debug|Any CPU
		{0A23D0CC-ADF7-4DDE-8D53-CEF26E6661EE}.Debug|Any CPU.Build.0 = Debug|Any CPU
		{0A23D0CC-ADF7-4DDE-8D53-CEF26E6661EE}.Release|Any CPU.ActiveCfg = Release|Any CPU
		{0A23D0CC-ADF7-4DDE-8D53-CEF26E6661EE}.Release|Any CPU.Build.0 = Release|Any CPU
		{8AA50E4A-F12A-4EFB-A320-13A378D8D878}.Debug|Any CPU.ActiveCfg = Debug|Any CPU
		{8AA50E4A-F12A-4EFB-A320-13A378D8D878}.Debug|Any CPU.Build.0 = Debug|Any CPU
		{8AA50E4A-F12A-4EFB-A320-13A378D8D878}.Release|Any CPU.ActiveCfg = Release|Any CPU
		{8AA50E4A-F12A-4EFB-A320-13A378D8D878}.Release|Any CPU.Build.0 = Release|Any CPU
		{72B5FFBE-E296-4633-8EB5-46B8E0C4743F}.Debug|Any CPU.ActiveCfg = Debug|Any CPU
		{72B5FFBE-E296-4633-8EB5-46B8E0C4743F}.Debug|Any CPU.Build.0 = Debug|Any CPU
		{72B5FFBE-E296-4633-8EB5-46B8E0C4743F}.Release|Any CPU.ActiveCfg = Release|Any CPU
		{72B5FFBE-E296-4633-8EB5-46B8E0C4743F}.Release|Any CPU.Build.0 = Release|Any CPU
		{3165E3E4-87D7-4FD8-B183-15B920E3B276}.Debug|Any CPU.ActiveCfg = Debug|Any CPU
		{3165E3E4-87D7-4FD8-B183-15B920E3B276}.Debug|Any CPU.Build.0 = Debug|Any CPU
		{3165E3E4-87D7-4FD8-B183-15B920E3B276}.Release|Any CPU.ActiveCfg = Release|Any CPU
		{3165E3E4-87D7-4FD8-B183-15B920E3B276}.Release|Any CPU.Build.0 = Release|Any CPU
		{C4D4B294-4494-4DF8-A035-13EF52DB32BB}.Debug|Any CPU.ActiveCfg = Debug|Any CPU
		{C4D4B294-4494-4DF8-A035-13EF52DB32BB}.Debug|Any CPU.Build.0 = Debug|Any CPU
		{C4D4B294-4494-4DF8-A035-13EF52DB32BB}.Release|Any CPU.ActiveCfg = Release|Any CPU
		{C4D4B294-4494-4DF8-A035-13EF52DB32BB}.Release|Any CPU.Build.0 = Release|Any CPU
		{EADDF15F-FD84-4383-BEC5-7F5AA5021DD2}.Debug|Any CPU.ActiveCfg = Debug|Any CPU
		{EADDF15F-FD84-4383-BEC5-7F5AA5021DD2}.Debug|Any CPU.Build.0 = Debug|Any CPU
		{EADDF15F-FD84-4383-BEC5-7F5AA5021DD2}.Release|Any CPU.ActiveCfg = Release|Any CPU
		{EADDF15F-FD84-4383-BEC5-7F5AA5021DD2}.Release|Any CPU.Build.0 = Release|Any CPU
	EndGlobalSection
	GlobalSection(SolutionProperties) = preSolution
		HideSolutionNode = FALSE
	EndGlobalSection
	GlobalSection(NestedProjects) = preSolution
		{956C6A12-B930-4483-9700-EBCF423E2317} = {A3664924-2474-4258-AA02-A08ADC78700B}
		{54218CF4-1A19-48A0-A02A-010DBF25B35E} = {8C7BEBEE-276E-4959-AAED-FC887ECCF99F}
		{74D6F87F-B789-4F4C-A225-F97DC3B1E23B} = {54218CF4-1A19-48A0-A02A-010DBF25B35E}
		{BFFAD195-725E-45B4-896A-EDA9D20DA60E} = {1EE0B97E-0687-4902-86A2-5AFDBDF8F44A}
		{4E1B7F41-AA45-42B8-98A7-4A0B3EDD48ED} = {8C7BEBEE-276E-4959-AAED-FC887ECCF99F}
		{5FCA2D03-92C6-439F-9C9B-89A193358A56} = {1EE0B97E-0687-4902-86A2-5AFDBDF8F44A}
		{C804F614-E10C-481F-8EB9-7DB12C13F3BE} = {1EE0B97E-0687-4902-86A2-5AFDBDF8F44A}
		{E6A1CFA3-A45C-44CA-89BD-D7D7A10F4FA6} = {1EE0B97E-0687-4902-86A2-5AFDBDF8F44A}
		{62538229-859F-4AC9-9A22-34750328D680} = {1EE0B97E-0687-4902-86A2-5AFDBDF8F44A}
		{2A534787-9B7F-42EE-A309-CEC4BA899434} = {1EE0B97E-0687-4902-86A2-5AFDBDF8F44A}
		{255188CD-7F7A-446B-B05E-7DD6A4B2056C} = {1EE0B97E-0687-4902-86A2-5AFDBDF8F44A}
		{D1018601-0EB4-4BC6-9D67-C9D968A4A3FB} = {1EE0B97E-0687-4902-86A2-5AFDBDF8F44A}
		{976D7A88-D08A-4693-8DAF-7429B1509C37} = {1EE0B97E-0687-4902-86A2-5AFDBDF8F44A}
		{C1879D71-52E2-45A2-B686-A4B047E8E559} = {1EE0B97E-0687-4902-86A2-5AFDBDF8F44A}
		{E21CA1FE-7ADF-4BCD-AB6B-2B649A7C1842} = {1EE0B97E-0687-4902-86A2-5AFDBDF8F44A}
		{0DB47612-785A-430D-A539-769F909C46F1} = {1EE0B97E-0687-4902-86A2-5AFDBDF8F44A}
		{C7D2CE95-0DA5-4016-98C2-0FC417D7105A} = {1EE0B97E-0687-4902-86A2-5AFDBDF8F44A}
		{868A7B6E-35AC-44CD-96E0-7A3E04AACE9D} = {1EE0B97E-0687-4902-86A2-5AFDBDF8F44A}
		{27BEEA4B-DF25-4E83-A2EC-B9D69C093C0F} = {1EE0B97E-0687-4902-86A2-5AFDBDF8F44A}
		{938E9B34-CCC2-4FE6-A028-A19C068C664F} = {1EE0B97E-0687-4902-86A2-5AFDBDF8F44A}
		{DB4B6F2C-5700-406E-99D3-9132A070AFCE} = {1EE0B97E-0687-4902-86A2-5AFDBDF8F44A}
		{60144E19-A8C1-48E5-9CB7-C83439EAB110} = {1EE0B97E-0687-4902-86A2-5AFDBDF8F44A}
		{BB1FBA10-08C2-4FED-B25D-D248FBCB010C} = {1EE0B97E-0687-4902-86A2-5AFDBDF8F44A}
		{03A74252-989A-47D2-B070-1E5122F7961F} = {1EE0B97E-0687-4902-86A2-5AFDBDF8F44A}
		{A687A25E-0A53-43AB-AD8D-49E0F2FF577A} = {1EE0B97E-0687-4902-86A2-5AFDBDF8F44A}
		{D532CF0B-E907-4EE8-9878-3930A7B79DEF} = {1EE0B97E-0687-4902-86A2-5AFDBDF8F44A}
		{42054B66-86C4-42FC-B418-18DB862868E5} = {1EE0B97E-0687-4902-86A2-5AFDBDF8F44A}
		{C2A3A190-8A4F-469B-9170-FDA2D2038A6B} = {1EE0B97E-0687-4902-86A2-5AFDBDF8F44A}
		{B04F6353-274E-4623-859A-043F417AE9E5} = {1EE0B97E-0687-4902-86A2-5AFDBDF8F44A}
		{1A7F2032-5E0A-47B3-A969-16B49270473F} = {1EE0B97E-0687-4902-86A2-5AFDBDF8F44A}
		{7A4CE8F8-EFC9-4259-815E-2BE0043897F3} = {1EE0B97E-0687-4902-86A2-5AFDBDF8F44A}
		{7CFF9F8F-524F-4D45-81FB-C4665CABFC04} = {1EE0B97E-0687-4902-86A2-5AFDBDF8F44A}
		{43680C0C-0B1D-412A-A97B-3BC268C5C1E7} = {1EE0B97E-0687-4902-86A2-5AFDBDF8F44A}
		{8B905A5D-79B3-4F2E-9620-D20E0098B0A5} = {1EE0B97E-0687-4902-86A2-5AFDBDF8F44A}
		{ED5732FB-42B3-45BD-92AE-B1C7F2D09988} = {1EE0B97E-0687-4902-86A2-5AFDBDF8F44A}
		{088841C2-98A5-459B-969B-539C6F506634} = {1EE0B97E-0687-4902-86A2-5AFDBDF8F44A}
		{FFCA38AE-671E-4987-ADA1-BBF18B96E7A3} = {1EE0B97E-0687-4902-86A2-5AFDBDF8F44A}
		{FFCA38AE-671E-4987-ADA1-BBF18B96E7A6} = {1EE0B97E-0687-4902-86A2-5AFDBDF8F44A}
		{FFCA38AE-671E-4987-ADA1-BBF18B96E7A8} = {1EE0B97E-0687-4902-86A2-5AFDBDF8F44A}
		{FFCA38AE-671E-4987-ADA1-BBF18B96E7A9} = {1EE0B97E-0687-4902-86A2-5AFDBDF8F44A}
		{FFCA38AE-671E-4987-ADA1-BBF18B96E7A5} = {1EE0B97E-0687-4902-86A2-5AFDBDF8F44A}
		{43640C0C-0B1D-412A-A97B-3BC268C5C1E8} = {1EE0B97E-0687-4902-86A2-5AFDBDF8F44A}
		{1B9CA92C-F0AD-4585-9F9C-F71A3D1AA176} = {1EE0B97E-0687-4902-86A2-5AFDBDF8F44A}
		{9FBFB050-137F-4750-9218-8A2596F3CBFD} = {18534C8E-03D0-472F-B56A-288C8045CBA3}
		{0A23D0CC-ADF7-4DDE-8D53-CEF26E6661EE} = {18534C8E-03D0-472F-B56A-288C8045CBA3}
		{8AA50E4A-F12A-4EFB-A320-13A378D8D878} = {18534C8E-03D0-472F-B56A-288C8045CBA3}
		{72B5FFBE-E296-4633-8EB5-46B8E0C4743F} = {1EE0B97E-0687-4902-86A2-5AFDBDF8F44A}
		{3165E3E4-87D7-4FD8-B183-15B920E3B276} = {18534C8E-03D0-472F-B56A-288C8045CBA3}
		{C4D4B294-4494-4DF8-A035-13EF52DB32BB} = {4C9D935C-6593-4431-BB99-86C3861E9DDC}
		{EADDF15F-FD84-4383-BEC5-7F5AA5021DD2} = {278A9BC9-BA44-4117-83F5-A1A38E598409}
	EndGlobalSection
	GlobalSection(ExtensibilityGlobals) = postSolution
		SolutionGuid = {4729A4E9-1C0D-4EA0-A7C6-E813ED8EAE6F}
	EndGlobalSection
EndGlobal
